
Microsoft Visual Studio Solution File, Format Version 12.00
# Visual Studio Version 17
VisualStudioVersion = 17.7.33920.267
MinimumVisualStudioVersion = 10.0.40219.1
Project("{9A19103F-16F7-4668-BE54-9A1E7A4F7556}") = "Challenge1", "Challenge1\Challenge1.csproj", "{8A3B9ECB-DEEB-4F76-8125-C090DCFD19AB}"
EndProject
Project("{9A19103F-16F7-4668-BE54-9A1E7A4F7556}") = "Challenge2", "Challenge2\Challenge2.csproj", "{65F0D123-375E-42F4-8CCB-3EFE4F3549C5}"
EndProject
Project("{9A19103F-16F7-4668-BE54-9A1E7A4F7556}") = "Challenge3", "Challenge3\Challenge3.csproj", "{0AD1F24A-AB0E-4A32-84F8-6C83EBB8E20B}"
EndProject
Project("{9A19103F-16F7-4668-BE54-9A1E7A4F7556}") = "Challenge4", "Challenge4\Challenge4.csproj", "{4522AC2D-AE09-4D9B-AB2E-142239A0D99A}"
EndProject
Project("{9A19103F-16F7-4668-BE54-9A1E7A4F7556}") = "Challenge5", "Challenge5\Challenge5.csproj", "{06923688-E688-4055-9717-3F1D57AA49F2}"
EndProject
Project("{9A19103F-16F7-4668-BE54-9A1E7A4F7556}") = "Challenge6", "Challenge6\Challenge6.csproj", "{F1C74B71-3D18-42BA-A39D-2BCCDBE6D1E0}"
EndProject
Project("{9A19103F-16F7-4668-BE54-9A1E7A4F7556}") = "Challenge7", "Challenge7\Challenge7.csproj", "{A93EC7AF-3225-4C6B-9E83-077B0D7540DD}"
EndProject
Project("{9A19103F-16F7-4668-BE54-9A1E7A4F7556}") = "Challenge8", "Challenge8\Challenge8.csproj", "{A0E0D788-8522-4636-ACFB-5265C700D502}"
EndProject
Project("{9A19103F-16F7-4668-BE54-9A1E7A4F7556}") = "Challenge9", "Challenge9\Challenge9.csproj", "{92E75C1B-C619-4535-B5E4-833476CC86B1}"
EndProject
Project("{9A19103F-16F7-4668-BE54-9A1E7A4F7556}") = "Challenge10", "Challenge10\Challenge10.csproj", "{7C687A69-C0AA-4EA3-8901-8554BC56558D}"
EndProject
Project("{9A19103F-16F7-4668-BE54-9A1E7A4F7556}") = "Challenge11", "Challenge11\Challenge11.csproj", "{704BA060-4D95-4AD5-9BA0-0E0F217BB7EE}"
EndProject
Project("{9A19103F-16F7-4668-BE54-9A1E7A4F7556}") = "Challenge12", "Challenge12\Challenge12.csproj", "{B8B91F6D-7925-40BD-8AD5-7340D86439AF}"
EndProject
Project("{9A19103F-16F7-4668-BE54-9A1E7A4F7556}") = "Challenge13", "Challenge13\Challenge13.csproj", "{5AEA3EBA-9D4C-4AF3-A91C-6A1BD2D7197D}"
EndProject
Project("{9A19103F-16F7-4668-BE54-9A1E7A4F7556}") = "Challenge14", "Challenge14\Challenge14.csproj", "{9347280F-CFEE-415B-98AB-47FFCFC9E379}"
EndProject
Project("{9A19103F-16F7-4668-BE54-9A1E7A4F7556}") = "Challenge15", "Challenge15\Challenge15.csproj", "{E2FB6B42-2790-42DA-A725-3ABE3BD9F41F}"
EndProject
Project("{9A19103F-16F7-4668-BE54-9A1E7A4F7556}") = "Challenge16", "Challenge16\Challenge16.csproj", "{52E3B884-BC19-41F3-82E4-2FFD7499E1BD}"
EndProject
Project("{9A19103F-16F7-4668-BE54-9A1E7A4F7556}") = "Challenge17", "Challenge17\Challenge17.csproj", "{CC408FB2-A30B-4924-83CC-3163648A8067}"
EndProject
Project("{9A19103F-16F7-4668-BE54-9A1E7A4F7556}") = "Challenge18", "Challenge18\Challenge18.csproj", "{E75DECBB-430D-43B4-8528-83E5AAE01D7D}"
EndProject
Project("{9A19103F-16F7-4668-BE54-9A1E7A4F7556}") = "Challenge19", "Challenge19\Challenge19.csproj", "{AD745A13-2988-4FAC-874B-B41501D0E738}"
EndProject
Project("{9A19103F-16F7-4668-BE54-9A1E7A4F7556}") = "Challenge20", "Challenge20\Challenge20.csproj", "{82FDE6BC-A141-429A-B79B-A7B63B264BA3}"
EndProject
Project("{9A19103F-16F7-4668-BE54-9A1E7A4F7556}") = "Challenge21", "Challenge21\Challenge21.csproj", "{A0F652FC-F779-4FA9-A065-4CB3E8B0657A}"
EndProject
Project("{9A19103F-16F7-4668-BE54-9A1E7A4F7556}") = "Challenge22", "Challenge22\Challenge22.csproj", "{99CD7D20-B012-4167-8511-FCF7A49500CE}"
EndProject
Project("{9A19103F-16F7-4668-BE54-9A1E7A4F7556}") = "Koleksiyonlar-Soru-1", "Koleksiyonlar-Soru-1\Koleksiyonlar-Soru-1.csproj", "{B680AEB7-657E-4038-A17A-481F7244BE2D}"
EndProject
Project("{9A19103F-16F7-4668-BE54-9A1E7A4F7556}") = "Koleksiyonlar-Soru-2", "Koleksiyonlar-Soru-2\Koleksiyonlar-Soru-2.csproj", "{24B21C44-B49F-4219-B2F1-743922E390EE}"
EndProject
Project("{9A19103F-16F7-4668-BE54-9A1E7A4F7556}") = "Koleksiyonlar-Soru-3", "Koleksiyonlar-Soru-3\Koleksiyonlar-Soru-3.csproj", "{2BEA0CFB-36D7-45D3-9511-9A5708727F5F}"
EndProject
Project("{9A19103F-16F7-4668-BE54-9A1E7A4F7556}") = "Challenge23", "Challenge23\Challenge23.csproj", "{27E9A548-1F18-4A84-B3B3-7B22F21D5072}"
EndProject
Project("{9A19103F-16F7-4668-BE54-9A1E7A4F7556}") = "Challenge24", "Challenge24\Challenge24.csproj", "{39E06D71-1E36-40CC-ACD0-1A3D582F3CED}"
EndProject
Project("{9A19103F-16F7-4668-BE54-9A1E7A4F7556}") = "Challenge25", "Challenge25\Challenge25.csproj", "{BF46EF5A-5BFD-4F0B-BD58-00DDD17011CB}"
EndProject
Project("{9A19103F-16F7-4668-BE54-9A1E7A4F7556}") = "Challenge26", "Challenge26\Challenge26.csproj", "{C36F6D26-540D-405C-983F-0A53B7C246EE}"
EndProject
Project("{9A19103F-16F7-4668-BE54-9A1E7A4F7556}") = "Challenge27", "Challenge27\Challenge27.csproj", "{450E12C0-07F9-455B-B380-CDCB664F1222}"
EndProject
Project("{9A19103F-16F7-4668-BE54-9A1E7A4F7556}") = "Challenge28", "Challenge28\Challenge28.csproj", "{8ADC82B7-75C3-457E-A111-DE4804C17C60}"
EndProject
Project("{9A19103F-16F7-4668-BE54-9A1E7A4F7556}") = "Challenge29", "Challenge29\Challenge29.csproj", "{02001D96-4B75-49BA-BD60-40AA1541C211}"
EndProject
Project("{9A19103F-16F7-4668-BE54-9A1E7A4F7556}") = "Challenge30", "Challenge30\Challenge30.csproj", "{4803D2BE-02E7-481E-A403-B27B70B48AB5}"
EndProject
Project("{9A19103F-16F7-4668-BE54-9A1E7A4F7556}") = "Challenge31", "Challenge31\Challenge31.csproj", "{2393F3AD-F5E0-40A1-A74C-B502F92F818E}"
EndProject
Project("{9A19103F-16F7-4668-BE54-9A1E7A4F7556}") = "Challenge32", "Challenge32\Challenge32.csproj", "{A72A6B11-9A6F-49AA-AF09-9EC97C26395E}"
EndProject
Project("{9A19103F-16F7-4668-BE54-9A1E7A4F7556}") = "Challenge33", "Challenge33\Challenge33.csproj", "{4D299A67-82F2-45DB-9B5B-39456AA399CE}"
EndProject
Project("{9A19103F-16F7-4668-BE54-9A1E7A4F7556}") = "Challenge34", "Challenge34\Challenge34.csproj", "{7CA03527-A1DA-4609-B0E9-4B8E78D46D42}"
EndProject
Project("{9A19103F-16F7-4668-BE54-9A1E7A4F7556}") = "Challenge35", "Challenge35\Challenge35.csproj", "{332E2C43-A76D-4103-9300-CB211E8248ED}"
EndProject
Project("{9A19103F-16F7-4668-BE54-9A1E7A4F7556}") = "Challenge36", "Challenge36\Challenge36.csproj", "{DD4278E0-7126-4B3C-BC65-EDFE19D3E3F3}"
EndProject
Project("{9A19103F-16F7-4668-BE54-9A1E7A4F7556}") = "Challenge37", "Challenge37\Challenge37.csproj", "{2AFCF56E-9016-4255-B9F6-599DCB90D667}"
EndProject
Project("{9A19103F-16F7-4668-BE54-9A1E7A4F7556}") = "Challenge38", "Challenge38\Challenge38.csproj", "{0E545179-82D3-4310-AFE2-9C24A1380A2F}"
EndProject
Project("{9A19103F-16F7-4668-BE54-9A1E7A4F7556}") = "Challenge39", "Challenge39\Challenge39.csproj", "{2E6EE39E-4873-4000-96B3-52036A023936}"
EndProject
Project("{9A19103F-16F7-4668-BE54-9A1E7A4F7556}") = "Challenge40", "Challenge40\Challenge40.csproj", "{7860B9BF-F7D5-4154-B50F-D78C6EA61FEE}"
EndProject
Project("{9A19103F-16F7-4668-BE54-9A1E7A4F7556}") = "Challenge41", "Challenge41\Challenge41.csproj", "{7881B870-1006-4CA1-95AD-52E8936D93CF}"
EndProject
Project("{9A19103F-16F7-4668-BE54-9A1E7A4F7556}") = "Challenge42", "Challenge42\Challenge42.csproj", "{EC32AECA-A505-40B7-9210-3C8707678125}"
EndProject
Project("{9A19103F-16F7-4668-BE54-9A1E7A4F7556}") = "Challenge43", "Challenge43\Challenge43.csproj", "{4B90115E-1BFA-42B4-AC5A-02978EBC0883}"
EndProject
Project("{9A19103F-16F7-4668-BE54-9A1E7A4F7556}") = "Challenge44", "Challenge44\Challenge44.csproj", "{C946952A-9466-4DB5-8444-34E870C0FA27}"
EndProject
Project("{9A19103F-16F7-4668-BE54-9A1E7A4F7556}") = "Challenge45", "Challenge45\Challenge45.csproj", "{5A57D441-23DF-4988-ACF0-2FE2E9410CBE}"
EndProject
Project("{9A19103F-16F7-4668-BE54-9A1E7A4F7556}") = "Challenge46", "Challenge46\Challenge46.csproj", "{A95B4FF1-102E-4E50-95E3-EFAA9CA442FA}"
EndProject
Project("{9A19103F-16F7-4668-BE54-9A1E7A4F7556}") = "Challenge47", "Challenge47\Challenge47.csproj", "{BCC62DB3-4431-40DD-BBD2-2E730F8A497C}"
EndProject
Project("{9A19103F-16F7-4668-BE54-9A1E7A4F7556}") = "Challenge48", "Challenge48\Challenge48.csproj", "{CFF3EAD9-2D1F-4A4E-A149-884ADA5161E4}"
EndProject
Project("{9A19103F-16F7-4668-BE54-9A1E7A4F7556}") = "Challenge49", "Challenge49\Challenge49.csproj", "{CBC974D4-1C61-493A-800F-61E65338185A}"
EndProject
Project("{9A19103F-16F7-4668-BE54-9A1E7A4F7556}") = "Challenge50", "Challenge50\Challenge50.csproj", "{89CDFA8F-1E9C-4D58-AECE-E24D63438FE1}"
EndProject
Project("{9A19103F-16F7-4668-BE54-9A1E7A4F7556}") = "Challenge51", "Challenge51\Challenge51.csproj", "{CD509853-2381-4690-8A12-EA0236EDAD34}"
EndProject
Project("{9A19103F-16F7-4668-BE54-9A1E7A4F7556}") = "Challenge52", "Challenge52\Challenge52.csproj", "{A0300A04-8EA3-4636-A1F2-5478B74044F1}"
EndProject
Project("{9A19103F-16F7-4668-BE54-9A1E7A4F7556}") = "Challenge53", "Challenge53\Challenge53.csproj", "{C9B360BC-BC3F-422C-9758-7508703DE70C}"
EndProject
Project("{9A19103F-16F7-4668-BE54-9A1E7A4F7556}") = "Challenge54", "Challenge54\Challenge54.csproj", "{2871395C-DF41-4A45-867C-673EED31E7EA}"
EndProject
Project("{FAE04EC0-301F-11D3-BF4B-00C04F79EFBC}") = "Challenge55", "Challenge55\Challenge55.csproj", "{9A225CD0-EED7-4736-B665-ACF4E0D3A671}"
EndProject
Project("{FAE04EC0-301F-11D3-BF4B-00C04F79EFBC}") = "Challenge56", "Challenge56\Challenge56.csproj", "{FB430C68-3850-4B8B-A304-43522D93C853}"
EndProject
Project("{FAE04EC0-301F-11D3-BF4B-00C04F79EFBC}") = "Challenge57", "Challenge57\Challenge57.csproj", "{581EC5DC-BF45-4A27-A08F-70B5DBDB5943}"
EndProject
Global
	GlobalSection(SolutionConfigurationPlatforms) = preSolution
		Debug|Any CPU = Debug|Any CPU
		Release|Any CPU = Release|Any CPU
	EndGlobalSection
	GlobalSection(ProjectConfigurationPlatforms) = postSolution
		{8A3B9ECB-DEEB-4F76-8125-C090DCFD19AB}.Debug|Any CPU.ActiveCfg = Debug|Any CPU
		{8A3B9ECB-DEEB-4F76-8125-C090DCFD19AB}.Debug|Any CPU.Build.0 = Debug|Any CPU
		{8A3B9ECB-DEEB-4F76-8125-C090DCFD19AB}.Release|Any CPU.ActiveCfg = Release|Any CPU
		{8A3B9ECB-DEEB-4F76-8125-C090DCFD19AB}.Release|Any CPU.Build.0 = Release|Any CPU
		{65F0D123-375E-42F4-8CCB-3EFE4F3549C5}.Debug|Any CPU.ActiveCfg = Debug|Any CPU
		{65F0D123-375E-42F4-8CCB-3EFE4F3549C5}.Debug|Any CPU.Build.0 = Debug|Any CPU
		{65F0D123-375E-42F4-8CCB-3EFE4F3549C5}.Release|Any CPU.ActiveCfg = Release|Any CPU
		{65F0D123-375E-42F4-8CCB-3EFE4F3549C5}.Release|Any CPU.Build.0 = Release|Any CPU
		{0AD1F24A-AB0E-4A32-84F8-6C83EBB8E20B}.Debug|Any CPU.ActiveCfg = Debug|Any CPU
		{0AD1F24A-AB0E-4A32-84F8-6C83EBB8E20B}.Debug|Any CPU.Build.0 = Debug|Any CPU
		{0AD1F24A-AB0E-4A32-84F8-6C83EBB8E20B}.Release|Any CPU.ActiveCfg = Release|Any CPU
		{0AD1F24A-AB0E-4A32-84F8-6C83EBB8E20B}.Release|Any CPU.Build.0 = Release|Any CPU
		{4522AC2D-AE09-4D9B-AB2E-142239A0D99A}.Debug|Any CPU.ActiveCfg = Debug|Any CPU
		{4522AC2D-AE09-4D9B-AB2E-142239A0D99A}.Debug|Any CPU.Build.0 = Debug|Any CPU
		{4522AC2D-AE09-4D9B-AB2E-142239A0D99A}.Release|Any CPU.ActiveCfg = Release|Any CPU
		{4522AC2D-AE09-4D9B-AB2E-142239A0D99A}.Release|Any CPU.Build.0 = Release|Any CPU
		{06923688-E688-4055-9717-3F1D57AA49F2}.Debug|Any CPU.ActiveCfg = Debug|Any CPU
		{06923688-E688-4055-9717-3F1D57AA49F2}.Debug|Any CPU.Build.0 = Debug|Any CPU
		{06923688-E688-4055-9717-3F1D57AA49F2}.Release|Any CPU.ActiveCfg = Release|Any CPU
		{06923688-E688-4055-9717-3F1D57AA49F2}.Release|Any CPU.Build.0 = Release|Any CPU
		{F1C74B71-3D18-42BA-A39D-2BCCDBE6D1E0}.Debug|Any CPU.ActiveCfg = Debug|Any CPU
		{F1C74B71-3D18-42BA-A39D-2BCCDBE6D1E0}.Debug|Any CPU.Build.0 = Debug|Any CPU
		{F1C74B71-3D18-42BA-A39D-2BCCDBE6D1E0}.Release|Any CPU.ActiveCfg = Release|Any CPU
		{F1C74B71-3D18-42BA-A39D-2BCCDBE6D1E0}.Release|Any CPU.Build.0 = Release|Any CPU
		{A93EC7AF-3225-4C6B-9E83-077B0D7540DD}.Debug|Any CPU.ActiveCfg = Debug|Any CPU
		{A93EC7AF-3225-4C6B-9E83-077B0D7540DD}.Debug|Any CPU.Build.0 = Debug|Any CPU
		{A93EC7AF-3225-4C6B-9E83-077B0D7540DD}.Release|Any CPU.ActiveCfg = Release|Any CPU
		{A93EC7AF-3225-4C6B-9E83-077B0D7540DD}.Release|Any CPU.Build.0 = Release|Any CPU
		{A0E0D788-8522-4636-ACFB-5265C700D502}.Debug|Any CPU.ActiveCfg = Debug|Any CPU
		{A0E0D788-8522-4636-ACFB-5265C700D502}.Debug|Any CPU.Build.0 = Debug|Any CPU
		{A0E0D788-8522-4636-ACFB-5265C700D502}.Release|Any CPU.ActiveCfg = Release|Any CPU
		{A0E0D788-8522-4636-ACFB-5265C700D502}.Release|Any CPU.Build.0 = Release|Any CPU
		{92E75C1B-C619-4535-B5E4-833476CC86B1}.Debug|Any CPU.ActiveCfg = Debug|Any CPU
		{92E75C1B-C619-4535-B5E4-833476CC86B1}.Debug|Any CPU.Build.0 = Debug|Any CPU
		{92E75C1B-C619-4535-B5E4-833476CC86B1}.Release|Any CPU.ActiveCfg = Release|Any CPU
		{92E75C1B-C619-4535-B5E4-833476CC86B1}.Release|Any CPU.Build.0 = Release|Any CPU
		{7C687A69-C0AA-4EA3-8901-8554BC56558D}.Debug|Any CPU.ActiveCfg = Debug|Any CPU
		{7C687A69-C0AA-4EA3-8901-8554BC56558D}.Debug|Any CPU.Build.0 = Debug|Any CPU
		{7C687A69-C0AA-4EA3-8901-8554BC56558D}.Release|Any CPU.ActiveCfg = Release|Any CPU
		{7C687A69-C0AA-4EA3-8901-8554BC56558D}.Release|Any CPU.Build.0 = Release|Any CPU
		{704BA060-4D95-4AD5-9BA0-0E0F217BB7EE}.Debug|Any CPU.ActiveCfg = Debug|Any CPU
		{704BA060-4D95-4AD5-9BA0-0E0F217BB7EE}.Debug|Any CPU.Build.0 = Debug|Any CPU
		{704BA060-4D95-4AD5-9BA0-0E0F217BB7EE}.Release|Any CPU.ActiveCfg = Release|Any CPU
		{704BA060-4D95-4AD5-9BA0-0E0F217BB7EE}.Release|Any CPU.Build.0 = Release|Any CPU
		{B8B91F6D-7925-40BD-8AD5-7340D86439AF}.Debug|Any CPU.ActiveCfg = Debug|Any CPU
		{B8B91F6D-7925-40BD-8AD5-7340D86439AF}.Debug|Any CPU.Build.0 = Debug|Any CPU
		{B8B91F6D-7925-40BD-8AD5-7340D86439AF}.Release|Any CPU.ActiveCfg = Release|Any CPU
		{B8B91F6D-7925-40BD-8AD5-7340D86439AF}.Release|Any CPU.Build.0 = Release|Any CPU
		{5AEA3EBA-9D4C-4AF3-A91C-6A1BD2D7197D}.Debug|Any CPU.ActiveCfg = Debug|Any CPU
		{5AEA3EBA-9D4C-4AF3-A91C-6A1BD2D7197D}.Debug|Any CPU.Build.0 = Debug|Any CPU
		{5AEA3EBA-9D4C-4AF3-A91C-6A1BD2D7197D}.Release|Any CPU.ActiveCfg = Release|Any CPU
		{5AEA3EBA-9D4C-4AF3-A91C-6A1BD2D7197D}.Release|Any CPU.Build.0 = Release|Any CPU
		{9347280F-CFEE-415B-98AB-47FFCFC9E379}.Debug|Any CPU.ActiveCfg = Debug|Any CPU
		{9347280F-CFEE-415B-98AB-47FFCFC9E379}.Debug|Any CPU.Build.0 = Debug|Any CPU
		{9347280F-CFEE-415B-98AB-47FFCFC9E379}.Release|Any CPU.ActiveCfg = Release|Any CPU
		{9347280F-CFEE-415B-98AB-47FFCFC9E379}.Release|Any CPU.Build.0 = Release|Any CPU
		{E2FB6B42-2790-42DA-A725-3ABE3BD9F41F}.Debug|Any CPU.ActiveCfg = Debug|Any CPU
		{E2FB6B42-2790-42DA-A725-3ABE3BD9F41F}.Debug|Any CPU.Build.0 = Debug|Any CPU
		{E2FB6B42-2790-42DA-A725-3ABE3BD9F41F}.Release|Any CPU.ActiveCfg = Release|Any CPU
		{E2FB6B42-2790-42DA-A725-3ABE3BD9F41F}.Release|Any CPU.Build.0 = Release|Any CPU
		{52E3B884-BC19-41F3-82E4-2FFD7499E1BD}.Debug|Any CPU.ActiveCfg = Debug|Any CPU
		{52E3B884-BC19-41F3-82E4-2FFD7499E1BD}.Debug|Any CPU.Build.0 = Debug|Any CPU
		{52E3B884-BC19-41F3-82E4-2FFD7499E1BD}.Release|Any CPU.ActiveCfg = Release|Any CPU
		{52E3B884-BC19-41F3-82E4-2FFD7499E1BD}.Release|Any CPU.Build.0 = Release|Any CPU
		{CC408FB2-A30B-4924-83CC-3163648A8067}.Debug|Any CPU.ActiveCfg = Debug|Any CPU
		{CC408FB2-A30B-4924-83CC-3163648A8067}.Debug|Any CPU.Build.0 = Debug|Any CPU
		{CC408FB2-A30B-4924-83CC-3163648A8067}.Release|Any CPU.ActiveCfg = Release|Any CPU
		{CC408FB2-A30B-4924-83CC-3163648A8067}.Release|Any CPU.Build.0 = Release|Any CPU
		{E75DECBB-430D-43B4-8528-83E5AAE01D7D}.Debug|Any CPU.ActiveCfg = Debug|Any CPU
		{E75DECBB-430D-43B4-8528-83E5AAE01D7D}.Debug|Any CPU.Build.0 = Debug|Any CPU
		{E75DECBB-430D-43B4-8528-83E5AAE01D7D}.Release|Any CPU.ActiveCfg = Release|Any CPU
		{E75DECBB-430D-43B4-8528-83E5AAE01D7D}.Release|Any CPU.Build.0 = Release|Any CPU
		{AD745A13-2988-4FAC-874B-B41501D0E738}.Debug|Any CPU.ActiveCfg = Debug|Any CPU
		{AD745A13-2988-4FAC-874B-B41501D0E738}.Debug|Any CPU.Build.0 = Debug|Any CPU
		{AD745A13-2988-4FAC-874B-B41501D0E738}.Release|Any CPU.ActiveCfg = Release|Any CPU
		{AD745A13-2988-4FAC-874B-B41501D0E738}.Release|Any CPU.Build.0 = Release|Any CPU
		{82FDE6BC-A141-429A-B79B-A7B63B264BA3}.Debug|Any CPU.ActiveCfg = Debug|Any CPU
		{82FDE6BC-A141-429A-B79B-A7B63B264BA3}.Debug|Any CPU.Build.0 = Debug|Any CPU
		{82FDE6BC-A141-429A-B79B-A7B63B264BA3}.Release|Any CPU.ActiveCfg = Release|Any CPU
		{82FDE6BC-A141-429A-B79B-A7B63B264BA3}.Release|Any CPU.Build.0 = Release|Any CPU
		{A0F652FC-F779-4FA9-A065-4CB3E8B0657A}.Debug|Any CPU.ActiveCfg = Debug|Any CPU
		{A0F652FC-F779-4FA9-A065-4CB3E8B0657A}.Debug|Any CPU.Build.0 = Debug|Any CPU
		{A0F652FC-F779-4FA9-A065-4CB3E8B0657A}.Release|Any CPU.ActiveCfg = Release|Any CPU
		{A0F652FC-F779-4FA9-A065-4CB3E8B0657A}.Release|Any CPU.Build.0 = Release|Any CPU
		{99CD7D20-B012-4167-8511-FCF7A49500CE}.Debug|Any CPU.ActiveCfg = Debug|Any CPU
		{99CD7D20-B012-4167-8511-FCF7A49500CE}.Debug|Any CPU.Build.0 = Debug|Any CPU
		{99CD7D20-B012-4167-8511-FCF7A49500CE}.Release|Any CPU.ActiveCfg = Release|Any CPU
		{99CD7D20-B012-4167-8511-FCF7A49500CE}.Release|Any CPU.Build.0 = Release|Any CPU
		{B680AEB7-657E-4038-A17A-481F7244BE2D}.Debug|Any CPU.ActiveCfg = Debug|Any CPU
		{B680AEB7-657E-4038-A17A-481F7244BE2D}.Debug|Any CPU.Build.0 = Debug|Any CPU
		{B680AEB7-657E-4038-A17A-481F7244BE2D}.Release|Any CPU.ActiveCfg = Release|Any CPU
		{B680AEB7-657E-4038-A17A-481F7244BE2D}.Release|Any CPU.Build.0 = Release|Any CPU
		{24B21C44-B49F-4219-B2F1-743922E390EE}.Debug|Any CPU.ActiveCfg = Debug|Any CPU
		{24B21C44-B49F-4219-B2F1-743922E390EE}.Debug|Any CPU.Build.0 = Debug|Any CPU
		{24B21C44-B49F-4219-B2F1-743922E390EE}.Release|Any CPU.ActiveCfg = Release|Any CPU
		{24B21C44-B49F-4219-B2F1-743922E390EE}.Release|Any CPU.Build.0 = Release|Any CPU
		{2BEA0CFB-36D7-45D3-9511-9A5708727F5F}.Debug|Any CPU.ActiveCfg = Debug|Any CPU
		{2BEA0CFB-36D7-45D3-9511-9A5708727F5F}.Debug|Any CPU.Build.0 = Debug|Any CPU
		{2BEA0CFB-36D7-45D3-9511-9A5708727F5F}.Release|Any CPU.ActiveCfg = Release|Any CPU
		{2BEA0CFB-36D7-45D3-9511-9A5708727F5F}.Release|Any CPU.Build.0 = Release|Any CPU
		{27E9A548-1F18-4A84-B3B3-7B22F21D5072}.Debug|Any CPU.ActiveCfg = Debug|Any CPU
		{27E9A548-1F18-4A84-B3B3-7B22F21D5072}.Debug|Any CPU.Build.0 = Debug|Any CPU
		{27E9A548-1F18-4A84-B3B3-7B22F21D5072}.Release|Any CPU.ActiveCfg = Release|Any CPU
		{27E9A548-1F18-4A84-B3B3-7B22F21D5072}.Release|Any CPU.Build.0 = Release|Any CPU
		{39E06D71-1E36-40CC-ACD0-1A3D582F3CED}.Debug|Any CPU.ActiveCfg = Debug|Any CPU
		{39E06D71-1E36-40CC-ACD0-1A3D582F3CED}.Debug|Any CPU.Build.0 = Debug|Any CPU
		{39E06D71-1E36-40CC-ACD0-1A3D582F3CED}.Release|Any CPU.ActiveCfg = Release|Any CPU
		{39E06D71-1E36-40CC-ACD0-1A3D582F3CED}.Release|Any CPU.Build.0 = Release|Any CPU
		{BF46EF5A-5BFD-4F0B-BD58-00DDD17011CB}.Debug|Any CPU.ActiveCfg = Debug|Any CPU
		{BF46EF5A-5BFD-4F0B-BD58-00DDD17011CB}.Debug|Any CPU.Build.0 = Debug|Any CPU
		{BF46EF5A-5BFD-4F0B-BD58-00DDD17011CB}.Release|Any CPU.ActiveCfg = Release|Any CPU
		{BF46EF5A-5BFD-4F0B-BD58-00DDD17011CB}.Release|Any CPU.Build.0 = Release|Any CPU
		{C36F6D26-540D-405C-983F-0A53B7C246EE}.Debug|Any CPU.ActiveCfg = Debug|Any CPU
		{C36F6D26-540D-405C-983F-0A53B7C246EE}.Debug|Any CPU.Build.0 = Debug|Any CPU
		{C36F6D26-540D-405C-983F-0A53B7C246EE}.Release|Any CPU.ActiveCfg = Release|Any CPU
		{C36F6D26-540D-405C-983F-0A53B7C246EE}.Release|Any CPU.Build.0 = Release|Any CPU
		{450E12C0-07F9-455B-B380-CDCB664F1222}.Debug|Any CPU.ActiveCfg = Debug|Any CPU
		{450E12C0-07F9-455B-B380-CDCB664F1222}.Debug|Any CPU.Build.0 = Debug|Any CPU
		{450E12C0-07F9-455B-B380-CDCB664F1222}.Release|Any CPU.ActiveCfg = Release|Any CPU
		{450E12C0-07F9-455B-B380-CDCB664F1222}.Release|Any CPU.Build.0 = Release|Any CPU
		{8ADC82B7-75C3-457E-A111-DE4804C17C60}.Debug|Any CPU.ActiveCfg = Debug|Any CPU
		{8ADC82B7-75C3-457E-A111-DE4804C17C60}.Debug|Any CPU.Build.0 = Debug|Any CPU
		{8ADC82B7-75C3-457E-A111-DE4804C17C60}.Release|Any CPU.ActiveCfg = Release|Any CPU
		{8ADC82B7-75C3-457E-A111-DE4804C17C60}.Release|Any CPU.Build.0 = Release|Any CPU
		{02001D96-4B75-49BA-BD60-40AA1541C211}.Debug|Any CPU.ActiveCfg = Debug|Any CPU
		{02001D96-4B75-49BA-BD60-40AA1541C211}.Debug|Any CPU.Build.0 = Debug|Any CPU
		{02001D96-4B75-49BA-BD60-40AA1541C211}.Release|Any CPU.ActiveCfg = Release|Any CPU
		{02001D96-4B75-49BA-BD60-40AA1541C211}.Release|Any CPU.Build.0 = Release|Any CPU
		{4803D2BE-02E7-481E-A403-B27B70B48AB5}.Debug|Any CPU.ActiveCfg = Debug|Any CPU
		{4803D2BE-02E7-481E-A403-B27B70B48AB5}.Debug|Any CPU.Build.0 = Debug|Any CPU
		{4803D2BE-02E7-481E-A403-B27B70B48AB5}.Release|Any CPU.ActiveCfg = Release|Any CPU
		{4803D2BE-02E7-481E-A403-B27B70B48AB5}.Release|Any CPU.Build.0 = Release|Any CPU
		{2393F3AD-F5E0-40A1-A74C-B502F92F818E}.Debug|Any CPU.ActiveCfg = Debug|Any CPU
		{2393F3AD-F5E0-40A1-A74C-B502F92F818E}.Debug|Any CPU.Build.0 = Debug|Any CPU
		{2393F3AD-F5E0-40A1-A74C-B502F92F818E}.Release|Any CPU.ActiveCfg = Release|Any CPU
		{2393F3AD-F5E0-40A1-A74C-B502F92F818E}.Release|Any CPU.Build.0 = Release|Any CPU
		{A72A6B11-9A6F-49AA-AF09-9EC97C26395E}.Debug|Any CPU.ActiveCfg = Debug|Any CPU
		{A72A6B11-9A6F-49AA-AF09-9EC97C26395E}.Debug|Any CPU.Build.0 = Debug|Any CPU
		{A72A6B11-9A6F-49AA-AF09-9EC97C26395E}.Release|Any CPU.ActiveCfg = Release|Any CPU
		{A72A6B11-9A6F-49AA-AF09-9EC97C26395E}.Release|Any CPU.Build.0 = Release|Any CPU
		{4D299A67-82F2-45DB-9B5B-39456AA399CE}.Debug|Any CPU.ActiveCfg = Debug|Any CPU
		{4D299A67-82F2-45DB-9B5B-39456AA399CE}.Debug|Any CPU.Build.0 = Debug|Any CPU
		{4D299A67-82F2-45DB-9B5B-39456AA399CE}.Release|Any CPU.ActiveCfg = Release|Any CPU
		{4D299A67-82F2-45DB-9B5B-39456AA399CE}.Release|Any CPU.Build.0 = Release|Any CPU
		{7CA03527-A1DA-4609-B0E9-4B8E78D46D42}.Debug|Any CPU.ActiveCfg = Debug|Any CPU
		{7CA03527-A1DA-4609-B0E9-4B8E78D46D42}.Debug|Any CPU.Build.0 = Debug|Any CPU
		{7CA03527-A1DA-4609-B0E9-4B8E78D46D42}.Release|Any CPU.ActiveCfg = Release|Any CPU
		{7CA03527-A1DA-4609-B0E9-4B8E78D46D42}.Release|Any CPU.Build.0 = Release|Any CPU
		{332E2C43-A76D-4103-9300-CB211E8248ED}.Debug|Any CPU.ActiveCfg = Debug|Any CPU
		{332E2C43-A76D-4103-9300-CB211E8248ED}.Debug|Any CPU.Build.0 = Debug|Any CPU
		{332E2C43-A76D-4103-9300-CB211E8248ED}.Release|Any CPU.ActiveCfg = Release|Any CPU
		{332E2C43-A76D-4103-9300-CB211E8248ED}.Release|Any CPU.Build.0 = Release|Any CPU
		{DD4278E0-7126-4B3C-BC65-EDFE19D3E3F3}.Debug|Any CPU.ActiveCfg = Debug|Any CPU
		{DD4278E0-7126-4B3C-BC65-EDFE19D3E3F3}.Debug|Any CPU.Build.0 = Debug|Any CPU
		{DD4278E0-7126-4B3C-BC65-EDFE19D3E3F3}.Release|Any CPU.ActiveCfg = Release|Any CPU
		{DD4278E0-7126-4B3C-BC65-EDFE19D3E3F3}.Release|Any CPU.Build.0 = Release|Any CPU
		{2AFCF56E-9016-4255-B9F6-599DCB90D667}.Debug|Any CPU.ActiveCfg = Debug|Any CPU
		{2AFCF56E-9016-4255-B9F6-599DCB90D667}.Debug|Any CPU.Build.0 = Debug|Any CPU
		{2AFCF56E-9016-4255-B9F6-599DCB90D667}.Release|Any CPU.ActiveCfg = Release|Any CPU
		{2AFCF56E-9016-4255-B9F6-599DCB90D667}.Release|Any CPU.Build.0 = Release|Any CPU
		{0E545179-82D3-4310-AFE2-9C24A1380A2F}.Debug|Any CPU.ActiveCfg = Debug|Any CPU
		{0E545179-82D3-4310-AFE2-9C24A1380A2F}.Debug|Any CPU.Build.0 = Debug|Any CPU
		{0E545179-82D3-4310-AFE2-9C24A1380A2F}.Release|Any CPU.ActiveCfg = Release|Any CPU
		{0E545179-82D3-4310-AFE2-9C24A1380A2F}.Release|Any CPU.Build.0 = Release|Any CPU
		{2E6EE39E-4873-4000-96B3-52036A023936}.Debug|Any CPU.ActiveCfg = Debug|Any CPU
		{2E6EE39E-4873-4000-96B3-52036A023936}.Debug|Any CPU.Build.0 = Debug|Any CPU
		{2E6EE39E-4873-4000-96B3-52036A023936}.Release|Any CPU.ActiveCfg = Release|Any CPU
		{2E6EE39E-4873-4000-96B3-52036A023936}.Release|Any CPU.Build.0 = Release|Any CPU
		{7860B9BF-F7D5-4154-B50F-D78C6EA61FEE}.Debug|Any CPU.ActiveCfg = Debug|Any CPU
		{7860B9BF-F7D5-4154-B50F-D78C6EA61FEE}.Debug|Any CPU.Build.0 = Debug|Any CPU
		{7860B9BF-F7D5-4154-B50F-D78C6EA61FEE}.Release|Any CPU.ActiveCfg = Release|Any CPU
		{7860B9BF-F7D5-4154-B50F-D78C6EA61FEE}.Release|Any CPU.Build.0 = Release|Any CPU
		{7881B870-1006-4CA1-95AD-52E8936D93CF}.Debug|Any CPU.ActiveCfg = Debug|Any CPU
		{7881B870-1006-4CA1-95AD-52E8936D93CF}.Debug|Any CPU.Build.0 = Debug|Any CPU
		{7881B870-1006-4CA1-95AD-52E8936D93CF}.Release|Any CPU.ActiveCfg = Release|Any CPU
		{7881B870-1006-4CA1-95AD-52E8936D93CF}.Release|Any CPU.Build.0 = Release|Any CPU
		{EC32AECA-A505-40B7-9210-3C8707678125}.Debug|Any CPU.ActiveCfg = Debug|Any CPU
		{EC32AECA-A505-40B7-9210-3C8707678125}.Debug|Any CPU.Build.0 = Debug|Any CPU
		{EC32AECA-A505-40B7-9210-3C8707678125}.Release|Any CPU.ActiveCfg = Release|Any CPU
		{EC32AECA-A505-40B7-9210-3C8707678125}.Release|Any CPU.Build.0 = Release|Any CPU
		{4B90115E-1BFA-42B4-AC5A-02978EBC0883}.Debug|Any CPU.ActiveCfg = Debug|Any CPU
		{4B90115E-1BFA-42B4-AC5A-02978EBC0883}.Debug|Any CPU.Build.0 = Debug|Any CPU
		{4B90115E-1BFA-42B4-AC5A-02978EBC0883}.Release|Any CPU.ActiveCfg = Release|Any CPU
		{4B90115E-1BFA-42B4-AC5A-02978EBC0883}.Release|Any CPU.Build.0 = Release|Any CPU
		{C946952A-9466-4DB5-8444-34E870C0FA27}.Debug|Any CPU.ActiveCfg = Debug|Any CPU
		{C946952A-9466-4DB5-8444-34E870C0FA27}.Debug|Any CPU.Build.0 = Debug|Any CPU
		{C946952A-9466-4DB5-8444-34E870C0FA27}.Release|Any CPU.ActiveCfg = Release|Any CPU
		{C946952A-9466-4DB5-8444-34E870C0FA27}.Release|Any CPU.Build.0 = Release|Any CPU
		{5A57D441-23DF-4988-ACF0-2FE2E9410CBE}.Debug|Any CPU.ActiveCfg = Debug|Any CPU
		{5A57D441-23DF-4988-ACF0-2FE2E9410CBE}.Debug|Any CPU.Build.0 = Debug|Any CPU
		{5A57D441-23DF-4988-ACF0-2FE2E9410CBE}.Release|Any CPU.ActiveCfg = Release|Any CPU
		{5A57D441-23DF-4988-ACF0-2FE2E9410CBE}.Release|Any CPU.Build.0 = Release|Any CPU
		{A95B4FF1-102E-4E50-95E3-EFAA9CA442FA}.Debug|Any CPU.ActiveCfg = Debug|Any CPU
		{A95B4FF1-102E-4E50-95E3-EFAA9CA442FA}.Debug|Any CPU.Build.0 = Debug|Any CPU
		{A95B4FF1-102E-4E50-95E3-EFAA9CA442FA}.Release|Any CPU.ActiveCfg = Release|Any CPU
		{A95B4FF1-102E-4E50-95E3-EFAA9CA442FA}.Release|Any CPU.Build.0 = Release|Any CPU
		{BCC62DB3-4431-40DD-BBD2-2E730F8A497C}.Debug|Any CPU.ActiveCfg = Debug|Any CPU
		{BCC62DB3-4431-40DD-BBD2-2E730F8A497C}.Debug|Any CPU.Build.0 = Debug|Any CPU
		{BCC62DB3-4431-40DD-BBD2-2E730F8A497C}.Release|Any CPU.ActiveCfg = Release|Any CPU
		{BCC62DB3-4431-40DD-BBD2-2E730F8A497C}.Release|Any CPU.Build.0 = Release|Any CPU
		{CFF3EAD9-2D1F-4A4E-A149-884ADA5161E4}.Debug|Any CPU.ActiveCfg = Debug|Any CPU
		{CFF3EAD9-2D1F-4A4E-A149-884ADA5161E4}.Debug|Any CPU.Build.0 = Debug|Any CPU
		{CFF3EAD9-2D1F-4A4E-A149-884ADA5161E4}.Release|Any CPU.ActiveCfg = Release|Any CPU
		{CFF3EAD9-2D1F-4A4E-A149-884ADA5161E4}.Release|Any CPU.Build.0 = Release|Any CPU
		{CBC974D4-1C61-493A-800F-61E65338185A}.Debug|Any CPU.ActiveCfg = Debug|Any CPU
		{CBC974D4-1C61-493A-800F-61E65338185A}.Debug|Any CPU.Build.0 = Debug|Any CPU
		{CBC974D4-1C61-493A-800F-61E65338185A}.Release|Any CPU.ActiveCfg = Release|Any CPU
		{CBC974D4-1C61-493A-800F-61E65338185A}.Release|Any CPU.Build.0 = Release|Any CPU
		{89CDFA8F-1E9C-4D58-AECE-E24D63438FE1}.Debug|Any CPU.ActiveCfg = Debug|Any CPU
		{89CDFA8F-1E9C-4D58-AECE-E24D63438FE1}.Debug|Any CPU.Build.0 = Debug|Any CPU
		{89CDFA8F-1E9C-4D58-AECE-E24D63438FE1}.Release|Any CPU.ActiveCfg = Release|Any CPU
		{89CDFA8F-1E9C-4D58-AECE-E24D63438FE1}.Release|Any CPU.Build.0 = Release|Any CPU
		{CD509853-2381-4690-8A12-EA0236EDAD34}.Debug|Any CPU.ActiveCfg = Debug|Any CPU
		{CD509853-2381-4690-8A12-EA0236EDAD34}.Debug|Any CPU.Build.0 = Debug|Any CPU
		{CD509853-2381-4690-8A12-EA0236EDAD34}.Release|Any CPU.ActiveCfg = Release|Any CPU
		{CD509853-2381-4690-8A12-EA0236EDAD34}.Release|Any CPU.Build.0 = Release|Any CPU
		{A0300A04-8EA3-4636-A1F2-5478B74044F1}.Debug|Any CPU.ActiveCfg = Debug|Any CPU
		{A0300A04-8EA3-4636-A1F2-5478B74044F1}.Debug|Any CPU.Build.0 = Debug|Any CPU
		{A0300A04-8EA3-4636-A1F2-5478B74044F1}.Release|Any CPU.ActiveCfg = Release|Any CPU
		{A0300A04-8EA3-4636-A1F2-5478B74044F1}.Release|Any CPU.Build.0 = Release|Any CPU
		{C9B360BC-BC3F-422C-9758-7508703DE70C}.Debug|Any CPU.ActiveCfg = Debug|Any CPU
		{C9B360BC-BC3F-422C-9758-7508703DE70C}.Debug|Any CPU.Build.0 = Debug|Any CPU
		{C9B360BC-BC3F-422C-9758-7508703DE70C}.Release|Any CPU.ActiveCfg = Release|Any CPU
		{C9B360BC-BC3F-422C-9758-7508703DE70C}.Release|Any CPU.Build.0 = Release|Any CPU
		{2871395C-DF41-4A45-867C-673EED31E7EA}.Debug|Any CPU.ActiveCfg = Debug|Any CPU
		{2871395C-DF41-4A45-867C-673EED31E7EA}.Debug|Any CPU.Build.0 = Debug|Any CPU
		{2871395C-DF41-4A45-867C-673EED31E7EA}.Release|Any CPU.ActiveCfg = Release|Any CPU
		{2871395C-DF41-4A45-867C-673EED31E7EA}.Release|Any CPU.Build.0 = Release|Any CPU
		{9A225CD0-EED7-4736-B665-ACF4E0D3A671}.Debug|Any CPU.ActiveCfg = Debug|Any CPU
		{9A225CD0-EED7-4736-B665-ACF4E0D3A671}.Debug|Any CPU.Build.0 = Debug|Any CPU
		{9A225CD0-EED7-4736-B665-ACF4E0D3A671}.Release|Any CPU.ActiveCfg = Release|Any CPU
		{9A225CD0-EED7-4736-B665-ACF4E0D3A671}.Release|Any CPU.Build.0 = Release|Any CPU
		{FB430C68-3850-4B8B-A304-43522D93C853}.Debug|Any CPU.ActiveCfg = Debug|Any CPU
		{FB430C68-3850-4B8B-A304-43522D93C853}.Debug|Any CPU.Build.0 = Debug|Any CPU
		{FB430C68-3850-4B8B-A304-43522D93C853}.Release|Any CPU.ActiveCfg = Release|Any CPU
		{FB430C68-3850-4B8B-A304-43522D93C853}.Release|Any CPU.Build.0 = Release|Any CPU
		{581EC5DC-BF45-4A27-A08F-70B5DBDB5943}.Debug|Any CPU.ActiveCfg = Debug|Any CPU
		{581EC5DC-BF45-4A27-A08F-70B5DBDB5943}.Debug|Any CPU.Build.0 = Debug|Any CPU
		{581EC5DC-BF45-4A27-A08F-70B5DBDB5943}.Release|Any CPU.ActiveCfg = Release|Any CPU
		{581EC5DC-BF45-4A27-A08F-70B5DBDB5943}.Release|Any CPU.Build.0 = Release|Any CPU
	EndGlobalSection
	GlobalSection(SolutionProperties) = preSolution
		HideSolutionNode = FALSE
	EndGlobalSection
	GlobalSection(ExtensibilityGlobals) = postSolution
		SolutionGuid = {4BA29936-9537-4715-BA25-FEE5DA6F50ED}
	EndGlobalSection
EndGlobal
