
Microsoft Visual Studio Solution File, Format Version 12.00
# Visual Studio Version 17
VisualStudioVersion = 17.7.33920.267
MinimumVisualStudioVersion = 10.0.40219.1
Project("{9A19103F-16F7-4668-BE54-9A1E7A4F7556}") = "Challenge1", "Challenge1\Challenge1.csproj", "{8A3B9ECB-DEEB-4F76-8125-C090DCFD19AB}"
EndProject
Project("{9A19103F-16F7-4668-BE54-9A1E7A4F7556}") = "Challenge2", "Challenge2\Challenge2.csproj", "{65F0D123-375E-42F4-8CCB-3EFE4F3549C5}"
EndProject
Project("{9A19103F-16F7-4668-BE54-9A1E7A4F7556}") = "Challenge3", "Challenge3\Challenge3.csproj", "{0AD1F24A-AB0E-4A32-84F8-6C83EBB8E20B}"
EndProject
Project("{9A19103F-16F7-4668-BE54-9A1E7A4F7556}") = "Challenge4", "Challenge4\Challenge4.csproj", "{4522AC2D-AE09-4D9B-AB2E-142239A0D99A}"
EndProject
Project("{9A19103F-16F7-4668-BE54-9A1E7A4F7556}") = "Challenge5", "Challenge5\Challenge5.csproj", "{06923688-E688-4055-9717-3F1D57AA49F2}"
EndProject
Project("{9A19103F-16F7-4668-BE54-9A1E7A4F7556}") = "Challenge6", "Challenge6\Challenge6.csproj", "{F1C74B71-3D18-42BA-A39D-2BCCDBE6D1E0}"
EndProject
Project("{9A19103F-16F7-4668-BE54-9A1E7A4F7556}") = "Challenge7", "Challenge7\Challenge7.csproj", "{A93EC7AF-3225-4C6B-9E83-077B0D7540DD}"
EndProject
Project("{9A19103F-16F7-4668-BE54-9A1E7A4F7556}") = "Challenge8", "Challenge8\Challenge8.csproj", "{A0E0D788-8522-4636-ACFB-5265C700D502}"
EndProject
Project("{9A19103F-16F7-4668-BE54-9A1E7A4F7556}") = "Challenge9", "Challenge9\Challenge9.csproj", "{92E75C1B-C619-4535-B5E4-833476CC86B1}"
EndProject
Project("{9A19103F-16F7-4668-BE54-9A1E7A4F7556}") = "Challenge10", "Challenge10\Challenge10.csproj", "{7C687A69-C0AA-4EA3-8901-8554BC56558D}"
EndProject
Project("{9A19103F-16F7-4668-BE54-9A1E7A4F7556}") = "Challenge11", "Challenge11\Challenge11.csproj", "{704BA060-4D95-4AD5-9BA0-0E0F217BB7EE}"
EndProject
Project("{9A19103F-16F7-4668-BE54-9A1E7A4F7556}") = "Challenge12", "Challenge12\Challenge12.csproj", "{B8B91F6D-7925-40BD-8AD5-7340D86439AF}"
EndProject
Project("{9A19103F-16F7-4668-BE54-9A1E7A4F7556}") = "Challenge13", "Challenge13\Challenge13.csproj", "{5AEA3EBA-9D4C-4AF3-A91C-6A1BD2D7197D}"
EndProject
Project("{9A19103F-16F7-4668-BE54-9A1E7A4F7556}") = "Challenge14", "Challenge14\Challenge14.csproj", "{9347280F-CFEE-415B-98AB-47FFCFC9E379}"
EndProject
Project("{9A19103F-16F7-4668-BE54-9A1E7A4F7556}") = "Challenge15", "Challenge15\Challenge15.csproj", "{E2FB6B42-2790-42DA-A725-3ABE3BD9F41F}"
EndProject
Project("{FAE04EC0-301F-11D3-BF4B-00C04F79EFBC}") = "Challenge16", "Challenge16\Challenge16.csproj", "{52E3B884-BC19-41F3-82E4-2FFD7499E1BD}"
EndProject
Project("{FAE04EC0-301F-11D3-BF4B-00C04F79EFBC}") = "Challenge17", "Challenge17\Challenge17.csproj", "{CC408FB2-A30B-4924-83CC-3163648A8067}"
EndProject
Project("{FAE04EC0-301F-11D3-BF4B-00C04F79EFBC}") = "Challenge18", "Challenge18\Challenge18.csproj", "{E75DECBB-430D-43B4-8528-83E5AAE01D7D}"
EndProject
Project("{FAE04EC0-301F-11D3-BF4B-00C04F79EFBC}") = "Challenge19", "Challenge19\Challenge19.csproj", "{AD745A13-2988-4FAC-874B-B41501D0E738}"
EndProject
Project("{FAE04EC0-301F-11D3-BF4B-00C04F79EFBC}") = "Challenge20", "Challenge20\Challenge20.csproj", "{82FDE6BC-A141-429A-B79B-A7B63B264BA3}"
EndProject
Global
	GlobalSection(SolutionConfigurationPlatforms) = preSolution
		Debug|Any CPU = Debug|Any CPU
		Release|Any CPU = Release|Any CPU
	EndGlobalSection
	GlobalSection(ProjectConfigurationPlatforms) = postSolution
		{8A3B9ECB-DEEB-4F76-8125-C090DCFD19AB}.Debug|Any CPU.ActiveCfg = Debug|Any CPU
		{8A3B9ECB-DEEB-4F76-8125-C090DCFD19AB}.Debug|Any CPU.Build.0 = Debug|Any CPU
		{8A3B9ECB-DEEB-4F76-8125-C090DCFD19AB}.Release|Any CPU.ActiveCfg = Release|Any CPU
		{8A3B9ECB-DEEB-4F76-8125-C090DCFD19AB}.Release|Any CPU.Build.0 = Release|Any CPU
		{65F0D123-375E-42F4-8CCB-3EFE4F3549C5}.Debug|Any CPU.ActiveCfg = Debug|Any CPU
		{65F0D123-375E-42F4-8CCB-3EFE4F3549C5}.Debug|Any CPU.Build.0 = Debug|Any CPU
		{65F0D123-375E-42F4-8CCB-3EFE4F3549C5}.Release|Any CPU.ActiveCfg = Release|Any CPU
		{65F0D123-375E-42F4-8CCB-3EFE4F3549C5}.Release|Any CPU.Build.0 = Release|Any CPU
		{0AD1F24A-AB0E-4A32-84F8-6C83EBB8E20B}.Debug|Any CPU.ActiveCfg = Debug|Any CPU
		{0AD1F24A-AB0E-4A32-84F8-6C83EBB8E20B}.Debug|Any CPU.Build.0 = Debug|Any CPU
		{0AD1F24A-AB0E-4A32-84F8-6C83EBB8E20B}.Release|Any CPU.ActiveCfg = Release|Any CPU
		{0AD1F24A-AB0E-4A32-84F8-6C83EBB8E20B}.Release|Any CPU.Build.0 = Release|Any CPU
		{4522AC2D-AE09-4D9B-AB2E-142239A0D99A}.Debug|Any CPU.ActiveCfg = Debug|Any CPU
		{4522AC2D-AE09-4D9B-AB2E-142239A0D99A}.Debug|Any CPU.Build.0 = Debug|Any CPU
		{4522AC2D-AE09-4D9B-AB2E-142239A0D99A}.Release|Any CPU.ActiveCfg = Release|Any CPU
		{4522AC2D-AE09-4D9B-AB2E-142239A0D99A}.Release|Any CPU.Build.0 = Release|Any CPU
		{06923688-E688-4055-9717-3F1D57AA49F2}.Debug|Any CPU.ActiveCfg = Debug|Any CPU
		{06923688-E688-4055-9717-3F1D57AA49F2}.Debug|Any CPU.Build.0 = Debug|Any CPU
		{06923688-E688-4055-9717-3F1D57AA49F2}.Release|Any CPU.ActiveCfg = Release|Any CPU
		{06923688-E688-4055-9717-3F1D57AA49F2}.Release|Any CPU.Build.0 = Release|Any CPU
		{F1C74B71-3D18-42BA-A39D-2BCCDBE6D1E0}.Debug|Any CPU.ActiveCfg = Debug|Any CPU
		{F1C74B71-3D18-42BA-A39D-2BCCDBE6D1E0}.Debug|Any CPU.Build.0 = Debug|Any CPU
		{F1C74B71-3D18-42BA-A39D-2BCCDBE6D1E0}.Release|Any CPU.ActiveCfg = Release|Any CPU
		{F1C74B71-3D18-42BA-A39D-2BCCDBE6D1E0}.Release|Any CPU.Build.0 = Release|Any CPU
		{A93EC7AF-3225-4C6B-9E83-077B0D7540DD}.Debug|Any CPU.ActiveCfg = Debug|Any CPU
		{A93EC7AF-3225-4C6B-9E83-077B0D7540DD}.Debug|Any CPU.Build.0 = Debug|Any CPU
		{A93EC7AF-3225-4C6B-9E83-077B0D7540DD}.Release|Any CPU.ActiveCfg = Release|Any CPU
		{A93EC7AF-3225-4C6B-9E83-077B0D7540DD}.Release|Any CPU.Build.0 = Release|Any CPU
		{A0E0D788-8522-4636-ACFB-5265C700D502}.Debug|Any CPU.ActiveCfg = Debug|Any CPU
		{A0E0D788-8522-4636-ACFB-5265C700D502}.Debug|Any CPU.Build.0 = Debug|Any CPU
		{A0E0D788-8522-4636-ACFB-5265C700D502}.Release|Any CPU.ActiveCfg = Release|Any CPU
		{A0E0D788-8522-4636-ACFB-5265C700D502}.Release|Any CPU.Build.0 = Release|Any CPU
		{92E75C1B-C619-4535-B5E4-833476CC86B1}.Debug|Any CPU.ActiveCfg = Debug|Any CPU
		{92E75C1B-C619-4535-B5E4-833476CC86B1}.Debug|Any CPU.Build.0 = Debug|Any CPU
		{92E75C1B-C619-4535-B5E4-833476CC86B1}.Release|Any CPU.ActiveCfg = Release|Any CPU
		{92E75C1B-C619-4535-B5E4-833476CC86B1}.Release|Any CPU.Build.0 = Release|Any CPU
		{7C687A69-C0AA-4EA3-8901-8554BC56558D}.Debug|Any CPU.ActiveCfg = Debug|Any CPU
		{7C687A69-C0AA-4EA3-8901-8554BC56558D}.Debug|Any CPU.Build.0 = Debug|Any CPU
		{7C687A69-C0AA-4EA3-8901-8554BC56558D}.Release|Any CPU.ActiveCfg = Release|Any CPU
		{7C687A69-C0AA-4EA3-8901-8554BC56558D}.Release|Any CPU.Build.0 = Release|Any CPU
		{704BA060-4D95-4AD5-9BA0-0E0F217BB7EE}.Debug|Any CPU.ActiveCfg = Debug|Any CPU
		{704BA060-4D95-4AD5-9BA0-0E0F217BB7EE}.Debug|Any CPU.Build.0 = Debug|Any CPU
		{704BA060-4D95-4AD5-9BA0-0E0F217BB7EE}.Release|Any CPU.ActiveCfg = Release|Any CPU
		{704BA060-4D95-4AD5-9BA0-0E0F217BB7EE}.Release|Any CPU.Build.0 = Release|Any CPU
		{B8B91F6D-7925-40BD-8AD5-7340D86439AF}.Debug|Any CPU.ActiveCfg = Debug|Any CPU
		{B8B91F6D-7925-40BD-8AD5-7340D86439AF}.Debug|Any CPU.Build.0 = Debug|Any CPU
		{B8B91F6D-7925-40BD-8AD5-7340D86439AF}.Release|Any CPU.ActiveCfg = Release|Any CPU
		{B8B91F6D-7925-40BD-8AD5-7340D86439AF}.Release|Any CPU.Build.0 = Release|Any CPU
		{5AEA3EBA-9D4C-4AF3-A91C-6A1BD2D7197D}.Debug|Any CPU.ActiveCfg = Debug|Any CPU
		{5AEA3EBA-9D4C-4AF3-A91C-6A1BD2D7197D}.Debug|Any CPU.Build.0 = Debug|Any CPU
		{5AEA3EBA-9D4C-4AF3-A91C-6A1BD2D7197D}.Release|Any CPU.ActiveCfg = Release|Any CPU
		{5AEA3EBA-9D4C-4AF3-A91C-6A1BD2D7197D}.Release|Any CPU.Build.0 = Release|Any CPU
		{9347280F-CFEE-415B-98AB-47FFCFC9E379}.Debug|Any CPU.ActiveCfg = Debug|Any CPU
		{9347280F-CFEE-415B-98AB-47FFCFC9E379}.Debug|Any CPU.Build.0 = Debug|Any CPU
		{9347280F-CFEE-415B-98AB-47FFCFC9E379}.Release|Any CPU.ActiveCfg = Release|Any CPU
		{9347280F-CFEE-415B-98AB-47FFCFC9E379}.Release|Any CPU.Build.0 = Release|Any CPU
		{E2FB6B42-2790-42DA-A725-3ABE3BD9F41F}.Debug|Any CPU.ActiveCfg = Debug|Any CPU
		{E2FB6B42-2790-42DA-A725-3ABE3BD9F41F}.Debug|Any CPU.Build.0 = Debug|Any CPU
		{E2FB6B42-2790-42DA-A725-3ABE3BD9F41F}.Release|Any CPU.ActiveCfg = Release|Any CPU
		{E2FB6B42-2790-42DA-A725-3ABE3BD9F41F}.Release|Any CPU.Build.0 = Release|Any CPU
		{52E3B884-BC19-41F3-82E4-2FFD7499E1BD}.Debug|Any CPU.ActiveCfg = Debug|Any CPU
		{52E3B884-BC19-41F3-82E4-2FFD7499E1BD}.Debug|Any CPU.Build.0 = Debug|Any CPU
		{52E3B884-BC19-41F3-82E4-2FFD7499E1BD}.Release|Any CPU.ActiveCfg = Release|Any CPU
		{52E3B884-BC19-41F3-82E4-2FFD7499E1BD}.Release|Any CPU.Build.0 = Release|Any CPU
		{CC408FB2-A30B-4924-83CC-3163648A8067}.Debug|Any CPU.ActiveCfg = Debug|Any CPU
		{CC408FB2-A30B-4924-83CC-3163648A8067}.Debug|Any CPU.Build.0 = Debug|Any CPU
		{CC408FB2-A30B-4924-83CC-3163648A8067}.Release|Any CPU.ActiveCfg = Release|Any CPU
		{CC408FB2-A30B-4924-83CC-3163648A8067}.Release|Any CPU.Build.0 = Release|Any CPU
		{E75DECBB-430D-43B4-8528-83E5AAE01D7D}.Debug|Any CPU.ActiveCfg = Debug|Any CPU
		{E75DECBB-430D-43B4-8528-83E5AAE01D7D}.Debug|Any CPU.Build.0 = Debug|Any CPU
		{E75DECBB-430D-43B4-8528-83E5AAE01D7D}.Release|Any CPU.ActiveCfg = Release|Any CPU
		{E75DECBB-430D-43B4-8528-83E5AAE01D7D}.Release|Any CPU.Build.0 = Release|Any CPU
		{AD745A13-2988-4FAC-874B-B41501D0E738}.Debug|Any CPU.ActiveCfg = Debug|Any CPU
		{AD745A13-2988-4FAC-874B-B41501D0E738}.Debug|Any CPU.Build.0 = Debug|Any CPU
		{AD745A13-2988-4FAC-874B-B41501D0E738}.Release|Any CPU.ActiveCfg = Release|Any CPU
		{AD745A13-2988-4FAC-874B-B41501D0E738}.Release|Any CPU.Build.0 = Release|Any CPU
		{82FDE6BC-A141-429A-B79B-A7B63B264BA3}.Debug|Any CPU.ActiveCfg = Debug|Any CPU
		{82FDE6BC-A141-429A-B79B-A7B63B264BA3}.Debug|Any CPU.Build.0 = Debug|Any CPU
		{82FDE6BC-A141-429A-B79B-A7B63B264BA3}.Release|Any CPU.ActiveCfg = Release|Any CPU
		{82FDE6BC-A141-429A-B79B-A7B63B264BA3}.Release|Any CPU.Build.0 = Release|Any CPU
	EndGlobalSection
	GlobalSection(SolutionProperties) = preSolution
		HideSolutionNode = FALSE
	EndGlobalSection
	GlobalSection(ExtensibilityGlobals) = postSolution
		SolutionGuid = {4BA29936-9537-4715-BA25-FEE5DA6F50ED}
	EndGlobalSection
EndGlobal
