
Microsoft Visual Studio Solution File, Format Version 12.00
# Visual Studio Version 17
VisualStudioVersion = 17.7.33920.267
MinimumVisualStudioVersion = 10.0.40219.1
Project("{9A19103F-16F7-4668-BE54-9A1E7A4F7556}") = "Challenge1", "Challenge1\Challenge1.csproj", "{8A3B9ECB-DEEB-4F76-8125-C090DCFD19AB}"
EndProject
Project("{9A19103F-16F7-4668-BE54-9A1E7A4F7556}") = "Challenge2", "Challenge2\Challenge2.csproj", "{65F0D123-375E-42F4-8CCB-3EFE4F3549C5}"
EndProject
Project("{FAE04EC0-301F-11D3-BF4B-00C04F79EFBC}") = "Challenge3", "Challenge3\Challenge3.csproj", "{0AD1F24A-AB0E-4A32-84F8-6C83EBB8E20B}"
EndProject
Project("{FAE04EC0-301F-11D3-BF4B-00C04F79EFBC}") = "Challenge4", "Challenge4\Challenge4.csproj", "{4522AC2D-AE09-4D9B-AB2E-142239A0D99A}"
EndProject
Project("{FAE04EC0-301F-11D3-BF4B-00C04F79EFBC}") = "Challenge5", "Challenge5\Challenge5.csproj", "{06923688-E688-4055-9717-3F1D57AA49F2}"
EndProject
Project("{FAE04EC0-301F-11D3-BF4B-00C04F79EFBC}") = "Challenge6", "Challenge6\Challenge6.csproj", "{F1C74B71-3D18-42BA-A39D-2BCCDBE6D1E0}"
EndProject
Project("{FAE04EC0-301F-11D3-BF4B-00C04F79EFBC}") = "Challenge7", "Challenge7\Challenge7.csproj", "{A93EC7AF-3225-4C6B-9E83-077B0D7540DD}"
EndProject
Project("{FAE04EC0-301F-11D3-BF4B-00C04F79EFBC}") = "Challenge8", "Challenge8\Challenge8.csproj", "{A0E0D788-8522-4636-ACFB-5265C700D502}"
EndProject
Global
	GlobalSection(SolutionConfigurationPlatforms) = preSolution
		Debug|Any CPU = Debug|Any CPU
		Release|Any CPU = Release|Any CPU
	EndGlobalSection
	GlobalSection(ProjectConfigurationPlatforms) = postSolution
		{8A3B9ECB-DEEB-4F76-8125-C090DCFD19AB}.Debug|Any CPU.ActiveCfg = Debug|Any CPU
		{8A3B9ECB-DEEB-4F76-8125-C090DCFD19AB}.Debug|Any CPU.Build.0 = Debug|Any CPU
		{8A3B9ECB-DEEB-4F76-8125-C090DCFD19AB}.Release|Any CPU.ActiveCfg = Release|Any CPU
		{8A3B9ECB-DEEB-4F76-8125-C090DCFD19AB}.Release|Any CPU.Build.0 = Release|Any CPU
		{65F0D123-375E-42F4-8CCB-3EFE4F3549C5}.Debug|Any CPU.ActiveCfg = Debug|Any CPU
		{65F0D123-375E-42F4-8CCB-3EFE4F3549C5}.Debug|Any CPU.Build.0 = Debug|Any CPU
		{65F0D123-375E-42F4-8CCB-3EFE4F3549C5}.Release|Any CPU.ActiveCfg = Release|Any CPU
		{65F0D123-375E-42F4-8CCB-3EFE4F3549C5}.Release|Any CPU.Build.0 = Release|Any CPU
		{0AD1F24A-AB0E-4A32-84F8-6C83EBB8E20B}.Debug|Any CPU.ActiveCfg = Debug|Any CPU
		{0AD1F24A-AB0E-4A32-84F8-6C83EBB8E20B}.Debug|Any CPU.Build.0 = Debug|Any CPU
		{0AD1F24A-AB0E-4A32-84F8-6C83EBB8E20B}.Release|Any CPU.ActiveCfg = Release|Any CPU
		{0AD1F24A-AB0E-4A32-84F8-6C83EBB8E20B}.Release|Any CPU.Build.0 = Release|Any CPU
		{4522AC2D-AE09-4D9B-AB2E-142239A0D99A}.Debug|Any CPU.ActiveCfg = Debug|Any CPU
		{4522AC2D-AE09-4D9B-AB2E-142239A0D99A}.Debug|Any CPU.Build.0 = Debug|Any CPU
		{4522AC2D-AE09-4D9B-AB2E-142239A0D99A}.Release|Any CPU.ActiveCfg = Release|Any CPU
		{4522AC2D-AE09-4D9B-AB2E-142239A0D99A}.Release|Any CPU.Build.0 = Release|Any CPU
		{06923688-E688-4055-9717-3F1D57AA49F2}.Debug|Any CPU.ActiveCfg = Debug|Any CPU
		{06923688-E688-4055-9717-3F1D57AA49F2}.Debug|Any CPU.Build.0 = Debug|Any CPU
		{06923688-E688-4055-9717-3F1D57AA49F2}.Release|Any CPU.ActiveCfg = Release|Any CPU
		{06923688-E688-4055-9717-3F1D57AA49F2}.Release|Any CPU.Build.0 = Release|Any CPU
		{F1C74B71-3D18-42BA-A39D-2BCCDBE6D1E0}.Debug|Any CPU.ActiveCfg = Debug|Any CPU
		{F1C74B71-3D18-42BA-A39D-2BCCDBE6D1E0}.Debug|Any CPU.Build.0 = Debug|Any CPU
		{F1C74B71-3D18-42BA-A39D-2BCCDBE6D1E0}.Release|Any CPU.ActiveCfg = Release|Any CPU
		{F1C74B71-3D18-42BA-A39D-2BCCDBE6D1E0}.Release|Any CPU.Build.0 = Release|Any CPU
		{A93EC7AF-3225-4C6B-9E83-077B0D7540DD}.Debug|Any CPU.ActiveCfg = Debug|Any CPU
		{A93EC7AF-3225-4C6B-9E83-077B0D7540DD}.Debug|Any CPU.Build.0 = Debug|Any CPU
		{A93EC7AF-3225-4C6B-9E83-077B0D7540DD}.Release|Any CPU.ActiveCfg = Release|Any CPU
		{A93EC7AF-3225-4C6B-9E83-077B0D7540DD}.Release|Any CPU.Build.0 = Release|Any CPU
		{A0E0D788-8522-4636-ACFB-5265C700D502}.Debug|Any CPU.ActiveCfg = Debug|Any CPU
		{A0E0D788-8522-4636-ACFB-5265C700D502}.Debug|Any CPU.Build.0 = Debug|Any CPU
		{A0E0D788-8522-4636-ACFB-5265C700D502}.Release|Any CPU.ActiveCfg = Release|Any CPU
		{A0E0D788-8522-4636-ACFB-5265C700D502}.Release|Any CPU.Build.0 = Release|Any CPU
	EndGlobalSection
	GlobalSection(SolutionProperties) = preSolution
		HideSolutionNode = FALSE
	EndGlobalSection
	GlobalSection(ExtensibilityGlobals) = postSolution
		SolutionGuid = {4BA29936-9537-4715-BA25-FEE5DA6F50ED}
	EndGlobalSection
EndGlobal
